
Microsoft Visual Studio Solution File, Format Version 12.00
# Visual Studio 15
VisualStudioVersion = 15.0.28307.329
MinimumVisualStudioVersion = 10.0.40219.1
Project("{FAE04EC0-301F-11D3-BF4B-00C04F79EFBC}") = "AssginmentPRN", "AssginmentPRN\AssginmentPRN.csproj", "{548B1026-5526-4DF3-8589-77FA8146C115}"
EndProject
Global
	GlobalSection(SolutionConfigurationPlatforms) = preSolution
		Debug|Any CPU = Debug|Any CPU
		Release|Any CPU = Release|Any CPU
	EndGlobalSection
	GlobalSection(ProjectConfigurationPlatforms) = postSolution
		{548B1026-5526-4DF3-8589-77FA8146C115}.Debug|Any CPU.ActiveCfg = Debug|Any CPU
		{548B1026-5526-4DF3-8589-77FA8146C115}.Debug|Any CPU.Build.0 = Debug|Any CPU
		{548B1026-5526-4DF3-8589-77FA8146C115}.Release|Any CPU.ActiveCfg = Release|Any CPU
		{548B1026-5526-4DF3-8589-77FA8146C115}.Release|Any CPU.Build.0 = Release|Any CPU
	EndGlobalSection
	GlobalSection(SolutionProperties) = preSolution
		HideSolutionNode = FALSE
	EndGlobalSection
	GlobalSection(ExtensibilityGlobals) = postSolution
		SolutionGuid = {4DA07B10-CAD1-42FA-B022-DFA2AB7D20C7}
	EndGlobalSection
EndGlobal
